// !$*UTF8*$!
{
	archiveVersion = 1;
	classes = {
	};
	objectVersion = 52;
	objects = {

/* Begin PBXBuildFile section */
		BC036BF62686474000E4ECE8 /* TableItem.swift in Sources */ = {isa = PBXBuildFile; fileRef = BC036BF52686474000E4ECE8 /* TableItem.swift */; };
		BC036BF826867B0E00E4ECE8 /* ScheduledEvent.swift in Sources */ = {isa = PBXBuildFile; fileRef = BC036BF726867B0E00E4ECE8 /* ScheduledEvent.swift */; };
		BC2BD4FE269CFC0A00E90953 /* Double.swift in Sources */ = {isa = PBXBuildFile; fileRef = BC2BD4FD269CFC0A00E90953 /* Double.swift */; };
		BC33A9A226A09B1E00AEC70C /* FirebaseAnalytics in Frameworks */ = {isa = PBXBuildFile; productRef = BC33A9A126A09B1E00AEC70C /* FirebaseAnalytics */; };
		BC33A9A426A09B1E00AEC70C /* FirebaseMessaging in Frameworks */ = {isa = PBXBuildFile; productRef = BC33A9A326A09B1E00AEC70C /* FirebaseMessaging */; };
		BC33A9A626A09B1E00AEC70C /* FirebaseAuth in Frameworks */ = {isa = PBXBuildFile; productRef = BC33A9A526A09B1E00AEC70C /* FirebaseAuth */; };
		BC33A9A826A09B1E00AEC70C /* FirebaseFirestore in Frameworks */ = {isa = PBXBuildFile; productRef = BC33A9A726A09B1E00AEC70C /* FirebaseFirestore */; };
		BC394BFB268A6A36000380F6 /* GoogleService-Info.plist in Resources */ = {isa = PBXBuildFile; fileRef = BC394BFA268A6A36000380F6 /* GoogleService-Info.plist */; };
		BC5FA16C2695016A00C76EDD /* UIViewController.swift in Sources */ = {isa = PBXBuildFile; fileRef = BC5FA16B2695016A00C76EDD /* UIViewController.swift */; };
		BC5FA16E2695018E00C76EDD /* Date.swift in Sources */ = {isa = PBXBuildFile; fileRef = BC5FA16D2695018E00C76EDD /* Date.swift */; };
		BC5FA1722695119C00C76EDD /* UIAlertController.swift in Sources */ = {isa = PBXBuildFile; fileRef = BC5FA1712695119C00C76EDD /* UIAlertController.swift */; };
		BC6870EB269F32840033ECB4 /* ManiauTests.swift in Sources */ = {isa = PBXBuildFile; fileRef = BC6870EA269F32840033ECB4 /* ManiauTests.swift */; };
		BC6DD2F12682853500C95111 /* AppDelegate.swift in Sources */ = {isa = PBXBuildFile; fileRef = BC6DD2F02682853500C95111 /* AppDelegate.swift */; };
		BC6DD2F32682853500C95111 /* SceneDelegate.swift in Sources */ = {isa = PBXBuildFile; fileRef = BC6DD2F22682853500C95111 /* SceneDelegate.swift */; };
		BC6DD2F52682853500C95111 /* LoginVC.swift in Sources */ = {isa = PBXBuildFile; fileRef = BC6DD2F42682853500C95111 /* LoginVC.swift */; };
		BC6DD2F82682853500C95111 /* Main.storyboard in Resources */ = {isa = PBXBuildFile; fileRef = BC6DD2F62682853500C95111 /* Main.storyboard */; };
		BC6DD2FA2682853800C95111 /* Assets.xcassets in Resources */ = {isa = PBXBuildFile; fileRef = BC6DD2F92682853800C95111 /* Assets.xcassets */; };
		BC6DD2FD2682853800C95111 /* LaunchScreen.storyboard in Resources */ = {isa = PBXBuildFile; fileRef = BC6DD2FB2682853800C95111 /* LaunchScreen.storyboard */; };
		BC6DD30C268295C300C95111 /* SignupVC.swift in Sources */ = {isa = PBXBuildFile; fileRef = BC6DD30B268295C300C95111 /* SignupVC.swift */; };
		BC6DD30F2682A51500C95111 /* Utilities.swift in Sources */ = {isa = PBXBuildFile; fileRef = BC6DD30E2682A51500C95111 /* Utilities.swift */; };
		BC6DD3132682ADAE00C95111 /* HomeTabVC.swift in Sources */ = {isa = PBXBuildFile; fileRef = BC6DD3122682ADAE00C95111 /* HomeTabVC.swift */; };
		BCA9FF1D2685840400B2A4F7 /* SelectAlertVC.swift in Sources */ = {isa = PBXBuildFile; fileRef = BCA9FF1C2685840400B2A4F7 /* SelectAlertVC.swift */; };
		BCC2867B2683C80E00050BF8 /* MonthTabCell.swift in Sources */ = {isa = PBXBuildFile; fileRef = BCC286792683C80E00050BF8 /* MonthTabCell.swift */; };
		BCC2867C2683C80E00050BF8 /* MonthTabCell.xib in Resources */ = {isa = PBXBuildFile; fileRef = BCC2867A2683C80E00050BF8 /* MonthTabCell.xib */; };
		BCC2867F2683C82900050BF8 /* DayTabCell.swift in Sources */ = {isa = PBXBuildFile; fileRef = BCC2867D2683C82900050BF8 /* DayTabCell.swift */; };
		BCC286802683C82900050BF8 /* DayTabCell.xib in Resources */ = {isa = PBXBuildFile; fileRef = BCC2867E2683C82900050BF8 /* DayTabCell.xib */; };
		BCC286822683C83700050BF8 /* UserLogin.swift in Sources */ = {isa = PBXBuildFile; fileRef = BCC286812683C83700050BF8 /* UserLogin.swift */; };
		BCC286842683CB0900050BF8 /* Defaults.swift in Sources */ = {isa = PBXBuildFile; fileRef = BCC286832683CB0900050BF8 /* Defaults.swift */; };
		BCC286862683CE4000050BF8 /* User.swift in Sources */ = {isa = PBXBuildFile; fileRef = BCC286852683CE4000050BF8 /* User.swift */; };
		BCC286882683E79C00050BF8 /* DayTabVC.swift in Sources */ = {isa = PBXBuildFile; fileRef = BCC286872683E79C00050BF8 /* DayTabVC.swift */; };
		BCC2868A26840A2200050BF8 /* AddVC.swift in Sources */ = {isa = PBXBuildFile; fileRef = BCC2868926840A2200050BF8 /* AddVC.swift */; };
		BCC2868E26840AAA00050BF8 /* SelectRepeatVC.swift in Sources */ = {isa = PBXBuildFile; fileRef = BCC2868D26840AAA00050BF8 /* SelectRepeatVC.swift */; };
		BCD9587C2682D4F400B4A06C /* FSCalendar in Frameworks */ = {isa = PBXBuildFile; productRef = BCD9587B2682D4F400B4A06C /* FSCalendar */; };
		BCD958802682DBAE00B4A06C /* K.swift in Sources */ = {isa = PBXBuildFile; fileRef = BCD9587F2682DBAE00B4A06C /* K.swift */; };
		BCDADDD32697D2630073F74B /* String.swift in Sources */ = {isa = PBXBuildFile; fileRef = BCDADDD22697D2630073F74B /* String.swift */; };
		BCF873752698B9DB006E8292 /* Animations.swift in Sources */ = {isa = PBXBuildFile; fileRef = BCF873742698B9DB006E8292 /* Animations.swift */; };
		BCF873772698C8D6006E8292 /* DetailsVC.swift in Sources */ = {isa = PBXBuildFile; fileRef = BCF873762698C8D6006E8292 /* DetailsVC.swift */; };
/* End PBXBuildFile section */

/* Begin PBXContainerItemProxy section */
		BC6870ED269F32840033ECB4 /* PBXContainerItemProxy */ = {
			isa = PBXContainerItemProxy;
			containerPortal = BC6DD2E52682853500C95111 /* Project object */;
			proxyType = 1;
			remoteGlobalIDString = BC6DD2EC2682853500C95111;
			remoteInfo = Maniau;
		};
/* End PBXContainerItemProxy section */

/* Begin PBXFileReference section */
		BC036BF52686474000E4ECE8 /* TableItem.swift */ = {isa = PBXFileReference; lastKnownFileType = sourcecode.swift; path = TableItem.swift; sourceTree = "<group>"; };
		BC036BF726867B0E00E4ECE8 /* ScheduledEvent.swift */ = {isa = PBXFileReference; lastKnownFileType = sourcecode.swift; path = ScheduledEvent.swift; sourceTree = "<group>"; };
		BC2BD4FD269CFC0A00E90953 /* Double.swift */ = {isa = PBXFileReference; lastKnownFileType = sourcecode.swift; path = Double.swift; sourceTree = "<group>"; };
		BC394BFA268A6A36000380F6 /* GoogleService-Info.plist */ = {isa = PBXFileReference; fileEncoding = 4; lastKnownFileType = text.plist.xml; path = "GoogleService-Info.plist"; sourceTree = "<group>"; };
		BC5FA16B2695016A00C76EDD /* UIViewController.swift */ = {isa = PBXFileReference; lastKnownFileType = sourcecode.swift; path = UIViewController.swift; sourceTree = "<group>"; };
		BC5FA16D2695018E00C76EDD /* Date.swift */ = {isa = PBXFileReference; lastKnownFileType = sourcecode.swift; path = Date.swift; sourceTree = "<group>"; };
		BC5FA1712695119C00C76EDD /* UIAlertController.swift */ = {isa = PBXFileReference; lastKnownFileType = sourcecode.swift; path = UIAlertController.swift; sourceTree = "<group>"; };
		BC6870E8269F32840033ECB4 /* ManiauTests.xctest */ = {isa = PBXFileReference; explicitFileType = wrapper.cfbundle; includeInIndex = 0; path = ManiauTests.xctest; sourceTree = BUILT_PRODUCTS_DIR; };
		BC6870EA269F32840033ECB4 /* ManiauTests.swift */ = {isa = PBXFileReference; lastKnownFileType = sourcecode.swift; path = ManiauTests.swift; sourceTree = "<group>"; };
		BC6870EC269F32840033ECB4 /* Info.plist */ = {isa = PBXFileReference; lastKnownFileType = text.plist.xml; path = Info.plist; sourceTree = "<group>"; };
		BC6DD2ED2682853500C95111 /* Maniau.app */ = {isa = PBXFileReference; explicitFileType = wrapper.application; includeInIndex = 0; path = Maniau.app; sourceTree = BUILT_PRODUCTS_DIR; };
		BC6DD2F02682853500C95111 /* AppDelegate.swift */ = {isa = PBXFileReference; lastKnownFileType = sourcecode.swift; path = AppDelegate.swift; sourceTree = "<group>"; };
		BC6DD2F22682853500C95111 /* SceneDelegate.swift */ = {isa = PBXFileReference; lastKnownFileType = sourcecode.swift; path = SceneDelegate.swift; sourceTree = "<group>"; };
		BC6DD2F42682853500C95111 /* LoginVC.swift */ = {isa = PBXFileReference; lastKnownFileType = sourcecode.swift; path = LoginVC.swift; sourceTree = "<group>"; };
		BC6DD2F72682853500C95111 /* Base */ = {isa = PBXFileReference; lastKnownFileType = file.storyboard; name = Base; path = Base.lproj/Main.storyboard; sourceTree = "<group>"; };
		BC6DD2F92682853800C95111 /* Assets.xcassets */ = {isa = PBXFileReference; lastKnownFileType = folder.assetcatalog; path = Assets.xcassets; sourceTree = "<group>"; };
		BC6DD2FC2682853800C95111 /* Base */ = {isa = PBXFileReference; lastKnownFileType = file.storyboard; name = Base; path = Base.lproj/LaunchScreen.storyboard; sourceTree = "<group>"; };
		BC6DD2FE2682853800C95111 /* Info.plist */ = {isa = PBXFileReference; lastKnownFileType = text.plist.xml; path = Info.plist; sourceTree = "<group>"; };
		BC6DD30B268295C300C95111 /* SignupVC.swift */ = {isa = PBXFileReference; lastKnownFileType = sourcecode.swift; path = SignupVC.swift; sourceTree = "<group>"; };
		BC6DD30E2682A51500C95111 /* Utilities.swift */ = {isa = PBXFileReference; lastKnownFileType = sourcecode.swift; path = Utilities.swift; sourceTree = "<group>"; };
		BC6DD3122682ADAE00C95111 /* HomeTabVC.swift */ = {isa = PBXFileReference; lastKnownFileType = sourcecode.swift; path = HomeTabVC.swift; sourceTree = "<group>"; };
		BCA9FF1C2685840400B2A4F7 /* SelectAlertVC.swift */ = {isa = PBXFileReference; lastKnownFileType = sourcecode.swift; path = SelectAlertVC.swift; sourceTree = "<group>"; };
		BCC286792683C80E00050BF8 /* MonthTabCell.swift */ = {isa = PBXFileReference; lastKnownFileType = sourcecode.swift; path = MonthTabCell.swift; sourceTree = "<group>"; };
		BCC2867A2683C80E00050BF8 /* MonthTabCell.xib */ = {isa = PBXFileReference; lastKnownFileType = file.xib; path = MonthTabCell.xib; sourceTree = "<group>"; };
		BCC2867D2683C82900050BF8 /* DayTabCell.swift */ = {isa = PBXFileReference; lastKnownFileType = sourcecode.swift; path = DayTabCell.swift; sourceTree = "<group>"; };
		BCC2867E2683C82900050BF8 /* DayTabCell.xib */ = {isa = PBXFileReference; lastKnownFileType = file.xib; path = DayTabCell.xib; sourceTree = "<group>"; };
		BCC286812683C83700050BF8 /* UserLogin.swift */ = {isa = PBXFileReference; lastKnownFileType = sourcecode.swift; name = UserLogin.swift; path = Maniau/View/UserLogin.swift; sourceTree = SOURCE_ROOT; };
		BCC286832683CB0900050BF8 /* Defaults.swift */ = {isa = PBXFileReference; lastKnownFileType = sourcecode.swift; path = Defaults.swift; sourceTree = "<group>"; };
		BCC286852683CE4000050BF8 /* User.swift */ = {isa = PBXFileReference; lastKnownFileType = sourcecode.swift; path = User.swift; sourceTree = "<group>"; };
		BCC286872683E79C00050BF8 /* DayTabVC.swift */ = {isa = PBXFileReference; lastKnownFileType = sourcecode.swift; path = DayTabVC.swift; sourceTree = "<group>"; };
		BCC2868926840A2200050BF8 /* AddVC.swift */ = {isa = PBXFileReference; lastKnownFileType = sourcecode.swift; path = AddVC.swift; sourceTree = "<group>"; };
		BCC2868D26840AAA00050BF8 /* SelectRepeatVC.swift */ = {isa = PBXFileReference; lastKnownFileType = sourcecode.swift; path = SelectRepeatVC.swift; sourceTree = "<group>"; };
		BCD9587F2682DBAE00B4A06C /* K.swift */ = {isa = PBXFileReference; lastKnownFileType = sourcecode.swift; path = K.swift; sourceTree = "<group>"; };
		BCDADDD22697D2630073F74B /* String.swift */ = {isa = PBXFileReference; fileEncoding = 4; lastKnownFileType = sourcecode.swift; path = String.swift; sourceTree = "<group>"; };
		BCF873742698B9DB006E8292 /* Animations.swift */ = {isa = PBXFileReference; lastKnownFileType = sourcecode.swift; path = Animations.swift; sourceTree = "<group>"; };
		BCF873762698C8D6006E8292 /* DetailsVC.swift */ = {isa = PBXFileReference; lastKnownFileType = sourcecode.swift; path = DetailsVC.swift; sourceTree = "<group>"; };
/* End PBXFileReference section */

/* Begin PBXFrameworksBuildPhase section */
		BC6870E5269F32840033ECB4 /* Frameworks */ = {
			isa = PBXFrameworksBuildPhase;
			buildActionMask = 2147483647;
			files = (
			);
			runOnlyForDeploymentPostprocessing = 0;
		};
		BC6DD2EA2682853500C95111 /* Frameworks */ = {
			isa = PBXFrameworksBuildPhase;
			buildActionMask = 2147483647;
			files = (
				BC33A9A426A09B1E00AEC70C /* FirebaseMessaging in Frameworks */,
				BC33A9A226A09B1E00AEC70C /* FirebaseAnalytics in Frameworks */,
				BCD9587C2682D4F400B4A06C /* FSCalendar in Frameworks */,
				BC33A9A826A09B1E00AEC70C /* FirebaseFirestore in Frameworks */,
				BC33A9A626A09B1E00AEC70C /* FirebaseAuth in Frameworks */,
			);
			runOnlyForDeploymentPostprocessing = 0;
		};
/* End PBXFrameworksBuildPhase section */

/* Begin PBXGroup section */
		BC5FA16A2695015000C76EDD /* Extensions */ = {
			isa = PBXGroup;
			children = (
				BC5FA16B2695016A00C76EDD /* UIViewController.swift */,
				BC5FA16D2695018E00C76EDD /* Date.swift */,
				BCDADDD22697D2630073F74B /* String.swift */,
				BC2BD4FD269CFC0A00E90953 /* Double.swift */,
				BC5FA1712695119C00C76EDD /* UIAlertController.swift */,
			);
			path = Extensions;
			sourceTree = "<group>";
		};
		BC6870E9269F32840033ECB4 /* ManiauTests */ = {
			isa = PBXGroup;
			children = (
				BC6870EA269F32840033ECB4 /* ManiauTests.swift */,
				BC6870EC269F32840033ECB4 /* Info.plist */,
			);
			path = ManiauTests;
			sourceTree = "<group>";
		};
		BC6DD2E42682853500C95111 = {
			isa = PBXGroup;
			children = (
				BC6DD2EF2682853500C95111 /* Maniau */,
				BC6870E9269F32840033ECB4 /* ManiauTests */,
				BC6DD2EE2682853500C95111 /* Products */,
			);
			sourceTree = "<group>";
		};
		BC6DD2EE2682853500C95111 /* Products */ = {
			isa = PBXGroup;
			children = (
				BC6DD2ED2682853500C95111 /* Maniau.app */,
				BC6870E8269F32840033ECB4 /* ManiauTests.xctest */,
			);
			name = Products;
			sourceTree = "<group>";
		};
		BC6DD2EF2682853500C95111 /* Maniau */ = {
			isa = PBXGroup;
			children = (
				BC6DD2F02682853500C95111 /* AppDelegate.swift */,
				BC6DD2F22682853500C95111 /* SceneDelegate.swift */,
				BC6DD2F62682853500C95111 /* Main.storyboard */,
				BC5FA16A2695015000C76EDD /* Extensions */,
				BCD9587E2682DB8F00B4A06C /* Utilities */,
				BCC286782683C7DC00050BF8 /* Model */,
				BCC286772683C7CE00050BF8 /* View */,
				BC6DD30D268295C800C95111 /* Controller */,
				BC6DD2F92682853800C95111 /* Assets.xcassets */,
				BC6DD2FB2682853800C95111 /* LaunchScreen.storyboard */,
				BC6DD2FE2682853800C95111 /* Info.plist */,
				BC394BFA268A6A36000380F6 /* GoogleService-Info.plist */,
			);
			path = Maniau;
			sourceTree = "<group>";
		};
		BC6DD30D268295C800C95111 /* Controller */ = {
			isa = PBXGroup;
			children = (
				BC6DD2F42682853500C95111 /* LoginVC.swift */,
				BC6DD30B268295C300C95111 /* SignupVC.swift */,
				BC6DD3122682ADAE00C95111 /* HomeTabVC.swift */,
				BCF873762698C8D6006E8292 /* DetailsVC.swift */,
				BCC2868926840A2200050BF8 /* AddVC.swift */,
				BCC2868D26840AAA00050BF8 /* SelectRepeatVC.swift */,
				BCA9FF1C2685840400B2A4F7 /* SelectAlertVC.swift */,
				BCC286872683E79C00050BF8 /* DayTabVC.swift */,
			);
			path = Controller;
			sourceTree = "<group>";
		};
		BCC286772683C7CE00050BF8 /* View */ = {
			isa = PBXGroup;
			children = (
				BCC286792683C80E00050BF8 /* MonthTabCell.swift */,
				BCC2867A2683C80E00050BF8 /* MonthTabCell.xib */,
				BCC2867D2683C82900050BF8 /* DayTabCell.swift */,
				BCC2867E2683C82900050BF8 /* DayTabCell.xib */,
			);
			path = View;
			sourceTree = "<group>";
		};
		BCC286782683C7DC00050BF8 /* Model */ = {
			isa = PBXGroup;
			children = (
				BCC286812683C83700050BF8 /* UserLogin.swift */,
				BCC286852683CE4000050BF8 /* User.swift */,
				BC036BF52686474000E4ECE8 /* TableItem.swift */,
				BC036BF726867B0E00E4ECE8 /* ScheduledEvent.swift */,
			);
			path = Model;
			sourceTree = "<group>";
		};
		BCD9587E2682DB8F00B4A06C /* Utilities */ = {
			isa = PBXGroup;
			children = (
				BC6DD30E2682A51500C95111 /* Utilities.swift */,
				BCD9587F2682DBAE00B4A06C /* K.swift */,
				BCC286832683CB0900050BF8 /* Defaults.swift */,
				BCF873742698B9DB006E8292 /* Animations.swift */,
			);
			path = Utilities;
			sourceTree = "<group>";
		};
/* End PBXGroup section */

/* Begin PBXNativeTarget section */
		BC6870E7269F32840033ECB4 /* ManiauTests */ = {
			isa = PBXNativeTarget;
			buildConfigurationList = BC6870F1269F32840033ECB4 /* Build configuration list for PBXNativeTarget "ManiauTests" */;
			buildPhases = (
				BC6870E4269F32840033ECB4 /* Sources */,
				BC6870E5269F32840033ECB4 /* Frameworks */,
				BC6870E6269F32840033ECB4 /* Resources */,
			);
			buildRules = (
			);
			dependencies = (
				BC6870EE269F32840033ECB4 /* PBXTargetDependency */,
			);
			name = ManiauTests;
			productName = ManiauTests;
			productReference = BC6870E8269F32840033ECB4 /* ManiauTests.xctest */;
			productType = "com.apple.product-type.bundle.unit-test";
		};
		BC6DD2EC2682853500C95111 /* Maniau */ = {
			isa = PBXNativeTarget;
			buildConfigurationList = BC6DD3012682853800C95111 /* Build configuration list for PBXNativeTarget "Maniau" */;
			buildPhases = (
				BC6DD2E92682853500C95111 /* Sources */,
				BC6DD2EA2682853500C95111 /* Frameworks */,
				BC6DD2EB2682853500C95111 /* Resources */,
			);
			buildRules = (
			);
			dependencies = (
			);
			name = Maniau;
			packageProductDependencies = (
				BCD9587B2682D4F400B4A06C /* FSCalendar */,
				BC33A9A126A09B1E00AEC70C /* FirebaseAnalytics */,
				BC33A9A326A09B1E00AEC70C /* FirebaseMessaging */,
				BC33A9A526A09B1E00AEC70C /* FirebaseAuth */,
				BC33A9A726A09B1E00AEC70C /* FirebaseFirestore */,
			);
			productName = Maniau;
			productReference = BC6DD2ED2682853500C95111 /* Maniau.app */;
			productType = "com.apple.product-type.application";
		};
/* End PBXNativeTarget section */

/* Begin PBXProject section */
		BC6DD2E52682853500C95111 /* Project object */ = {
			isa = PBXProject;
			attributes = {
				LastSwiftUpdateCheck = 1250;
				LastUpgradeCheck = 1250;
				TargetAttributes = {
					BC6870E7269F32840033ECB4 = {
						CreatedOnToolsVersion = 12.5.1;
						TestTargetID = BC6DD2EC2682853500C95111;
					};
					BC6DD2EC2682853500C95111 = {
						CreatedOnToolsVersion = 12.5.1;
					};
				};
			};
			buildConfigurationList = BC6DD2E82682853500C95111 /* Build configuration list for PBXProject "Maniau" */;
			compatibilityVersion = "Xcode 9.3";
			developmentRegion = en;
			hasScannedForEncodings = 0;
			knownRegions = (
				en,
				Base,
			);
			mainGroup = BC6DD2E42682853500C95111;
			packageReferences = (
				BCD9587A2682D4F400B4A06C /* XCRemoteSwiftPackageReference "FSCalendar" */,
				BC33A9A026A09B1E00AEC70C /* XCRemoteSwiftPackageReference "firebase-ios-sdk" */,
			);
			productRefGroup = BC6DD2EE2682853500C95111 /* Products */;
			projectDirPath = "";
			projectRoot = "";
			targets = (
				BC6DD2EC2682853500C95111 /* Maniau */,
				BC6870E7269F32840033ECB4 /* ManiauTests */,
			);
		};
/* End PBXProject section */

/* Begin PBXResourcesBuildPhase section */
		BC6870E6269F32840033ECB4 /* Resources */ = {
			isa = PBXResourcesBuildPhase;
			buildActionMask = 2147483647;
			files = (
			);
			runOnlyForDeploymentPostprocessing = 0;
		};
		BC6DD2EB2682853500C95111 /* Resources */ = {
			isa = PBXResourcesBuildPhase;
			buildActionMask = 2147483647;
			files = (
				BCC286802683C82900050BF8 /* DayTabCell.xib in Resources */,
				BC6DD2FD2682853800C95111 /* LaunchScreen.storyboard in Resources */,
				BCC2867C2683C80E00050BF8 /* MonthTabCell.xib in Resources */,
				BC6DD2FA2682853800C95111 /* Assets.xcassets in Resources */,
				BC6DD2F82682853500C95111 /* Main.storyboard in Resources */,
				BC394BFB268A6A36000380F6 /* GoogleService-Info.plist in Resources */,
			);
			runOnlyForDeploymentPostprocessing = 0;
		};
/* End PBXResourcesBuildPhase section */

/* Begin PBXSourcesBuildPhase section */
		BC6870E4269F32840033ECB4 /* Sources */ = {
			isa = PBXSourcesBuildPhase;
			buildActionMask = 2147483647;
			files = (
				BC6870EB269F32840033ECB4 /* ManiauTests.swift in Sources */,
			);
			runOnlyForDeploymentPostprocessing = 0;
		};
		BC6DD2E92682853500C95111 /* Sources */ = {
			isa = PBXSourcesBuildPhase;
			buildActionMask = 2147483647;
			files = (
				BCC286862683CE4000050BF8 /* User.swift in Sources */,
				BCF873772698C8D6006E8292 /* DetailsVC.swift in Sources */,
				BCD958802682DBAE00B4A06C /* K.swift in Sources */,
				BCC286842683CB0900050BF8 /* Defaults.swift in Sources */,
				BC6DD30C268295C300C95111 /* SignupVC.swift in Sources */,
				BC5FA1722695119C00C76EDD /* UIAlertController.swift in Sources */,
				BCC286822683C83700050BF8 /* UserLogin.swift in Sources */,
				BC2BD4FE269CFC0A00E90953 /* Double.swift in Sources */,
				BC6DD3132682ADAE00C95111 /* HomeTabVC.swift in Sources */,
				BCC2867B2683C80E00050BF8 /* MonthTabCell.swift in Sources */,
				BC6DD2F52682853500C95111 /* LoginVC.swift in Sources */,
				BCC2868A26840A2200050BF8 /* AddVC.swift in Sources */,
				BC036BF62686474000E4ECE8 /* TableItem.swift in Sources */,
				BC6DD2F12682853500C95111 /* AppDelegate.swift in Sources */,
				BCDADDD32697D2630073F74B /* String.swift in Sources */,
				BCC2867F2683C82900050BF8 /* DayTabCell.swift in Sources */,
				BC6DD30F2682A51500C95111 /* Utilities.swift in Sources */,
				BC5FA16C2695016A00C76EDD /* UIViewController.swift in Sources */,
				BC6DD2F32682853500C95111 /* SceneDelegate.swift in Sources */,
				BC5FA16E2695018E00C76EDD /* Date.swift in Sources */,
				BC036BF826867B0E00E4ECE8 /* ScheduledEvent.swift in Sources */,
				BCC2868E26840AAA00050BF8 /* SelectRepeatVC.swift in Sources */,
				BCC286882683E79C00050BF8 /* DayTabVC.swift in Sources */,
				BCA9FF1D2685840400B2A4F7 /* SelectAlertVC.swift in Sources */,
				BCF873752698B9DB006E8292 /* Animations.swift in Sources */,
			);
			runOnlyForDeploymentPostprocessing = 0;
		};
/* End PBXSourcesBuildPhase section */

/* Begin PBXTargetDependency section */
		BC6870EE269F32840033ECB4 /* PBXTargetDependency */ = {
			isa = PBXTargetDependency;
			target = BC6DD2EC2682853500C95111 /* Maniau */;
			targetProxy = BC6870ED269F32840033ECB4 /* PBXContainerItemProxy */;
		};
/* End PBXTargetDependency section */

/* Begin PBXVariantGroup section */
		BC6DD2F62682853500C95111 /* Main.storyboard */ = {
			isa = PBXVariantGroup;
			children = (
				BC6DD2F72682853500C95111 /* Base */,
			);
			name = Main.storyboard;
			sourceTree = "<group>";
		};
		BC6DD2FB2682853800C95111 /* LaunchScreen.storyboard */ = {
			isa = PBXVariantGroup;
			children = (
				BC6DD2FC2682853800C95111 /* Base */,
			);
			name = LaunchScreen.storyboard;
			sourceTree = "<group>";
		};
/* End PBXVariantGroup section */

/* Begin XCBuildConfiguration section */
		BC6870EF269F32840033ECB4 /* Debug */ = {
			isa = XCBuildConfiguration;
			buildSettings = {
				BUNDLE_LOADER = "$(TEST_HOST)";
				CODE_SIGN_STYLE = Automatic;
				DEVELOPMENT_TEAM = 676A84J3QT;
				INFOPLIST_FILE = ManiauTests/Info.plist;
				LD_RUNPATH_SEARCH_PATHS = (
					"$(inherited)",
					"@executable_path/Frameworks",
					"@loader_path/Frameworks",
				);
				PRODUCT_BUNDLE_IDENTIFIER = com.RyanKanno.ManiauTests;
				PRODUCT_NAME = "$(TARGET_NAME)";
				SWIFT_VERSION = 5.0;
				TARGETED_DEVICE_FAMILY = "1,2";
				TEST_HOST = "$(BUILT_PRODUCTS_DIR)/Maniau.app/Maniau";
			};
			name = Debug;
		};
		BC6870F0269F32840033ECB4 /* Release */ = {
			isa = XCBuildConfiguration;
			buildSettings = {
				BUNDLE_LOADER = "$(TEST_HOST)";
				CODE_SIGN_STYLE = Automatic;
				DEVELOPMENT_TEAM = 676A84J3QT;
				INFOPLIST_FILE = ManiauTests/Info.plist;
				LD_RUNPATH_SEARCH_PATHS = (
					"$(inherited)",
					"@executable_path/Frameworks",
					"@loader_path/Frameworks",
				);
				PRODUCT_BUNDLE_IDENTIFIER = com.RyanKanno.ManiauTests;
				PRODUCT_NAME = "$(TARGET_NAME)";
				SWIFT_VERSION = 5.0;
				TARGETED_DEVICE_FAMILY = "1,2";
				TEST_HOST = "$(BUILT_PRODUCTS_DIR)/Maniau.app/Maniau";
			};
			name = Release;
		};
		BC6DD2FF2682853800C95111 /* Debug */ = {
			isa = XCBuildConfiguration;
			buildSettings = {
				ALWAYS_SEARCH_USER_PATHS = NO;
				CLANG_ANALYZER_NONNULL = YES;
				CLANG_ANALYZER_NUMBER_OBJECT_CONVERSION = YES_AGGRESSIVE;
				CLANG_CXX_LANGUAGE_STANDARD = "gnu++14";
				CLANG_CXX_LIBRARY = "libc++";
				CLANG_ENABLE_MODULES = YES;
				CLANG_ENABLE_OBJC_ARC = YES;
				CLANG_ENABLE_OBJC_WEAK = YES;
				CLANG_WARN_BLOCK_CAPTURE_AUTORELEASING = YES;
				CLANG_WARN_BOOL_CONVERSION = YES;
				CLANG_WARN_COMMA = YES;
				CLANG_WARN_CONSTANT_CONVERSION = YES;
				CLANG_WARN_DEPRECATED_OBJC_IMPLEMENTATIONS = YES;
				CLANG_WARN_DIRECT_OBJC_ISA_USAGE = YES_ERROR;
				CLANG_WARN_DOCUMENTATION_COMMENTS = YES;
				CLANG_WARN_EMPTY_BODY = YES;
				CLANG_WARN_ENUM_CONVERSION = YES;
				CLANG_WARN_INFINITE_RECURSION = YES;
				CLANG_WARN_INT_CONVERSION = YES;
				CLANG_WARN_NON_LITERAL_NULL_CONVERSION = YES;
				CLANG_WARN_OBJC_IMPLICIT_RETAIN_SELF = YES;
				CLANG_WARN_OBJC_LITERAL_CONVERSION = YES;
				CLANG_WARN_OBJC_ROOT_CLASS = YES_ERROR;
				CLANG_WARN_QUOTED_INCLUDE_IN_FRAMEWORK_HEADER = YES;
				CLANG_WARN_RANGE_LOOP_ANALYSIS = YES;
				CLANG_WARN_STRICT_PROTOTYPES = YES;
				CLANG_WARN_SUSPICIOUS_MOVE = YES;
				CLANG_WARN_UNGUARDED_AVAILABILITY = YES_AGGRESSIVE;
				CLANG_WARN_UNREACHABLE_CODE = YES;
				CLANG_WARN__DUPLICATE_METHOD_MATCH = YES;
				COPY_PHASE_STRIP = NO;
				DEBUG_INFORMATION_FORMAT = dwarf;
				ENABLE_STRICT_OBJC_MSGSEND = YES;
				ENABLE_TESTABILITY = YES;
				GCC_C_LANGUAGE_STANDARD = gnu11;
				GCC_DYNAMIC_NO_PIC = NO;
				GCC_NO_COMMON_BLOCKS = YES;
				GCC_OPTIMIZATION_LEVEL = 0;
				GCC_PREPROCESSOR_DEFINITIONS = (
					"DEBUG=1",
					"$(inherited)",
				);
				GCC_WARN_64_TO_32_BIT_CONVERSION = YES;
				GCC_WARN_ABOUT_RETURN_TYPE = YES_ERROR;
				GCC_WARN_UNDECLARED_SELECTOR = YES;
				GCC_WARN_UNINITIALIZED_AUTOS = YES_AGGRESSIVE;
				GCC_WARN_UNUSED_FUNCTION = YES;
				GCC_WARN_UNUSED_VARIABLE = YES;
				IPHONEOS_DEPLOYMENT_TARGET = 14.5;
				MTL_ENABLE_DEBUG_INFO = INCLUDE_SOURCE;
				MTL_FAST_MATH = YES;
				ONLY_ACTIVE_ARCH = YES;
				SDKROOT = iphoneos;
				SWIFT_ACTIVE_COMPILATION_CONDITIONS = DEBUG;
				SWIFT_OPTIMIZATION_LEVEL = "-Onone";
			};
			name = Debug;
		};
		BC6DD3002682853800C95111 /* Release */ = {
			isa = XCBuildConfiguration;
			buildSettings = {
				ALWAYS_SEARCH_USER_PATHS = NO;
				CLANG_ANALYZER_NONNULL = YES;
				CLANG_ANALYZER_NUMBER_OBJECT_CONVERSION = YES_AGGRESSIVE;
				CLANG_CXX_LANGUAGE_STANDARD = "gnu++14";
				CLANG_CXX_LIBRARY = "libc++";
				CLANG_ENABLE_MODULES = YES;
				CLANG_ENABLE_OBJC_ARC = YES;
				CLANG_ENABLE_OBJC_WEAK = YES;
				CLANG_WARN_BLOCK_CAPTURE_AUTORELEASING = YES;
				CLANG_WARN_BOOL_CONVERSION = YES;
				CLANG_WARN_COMMA = YES;
				CLANG_WARN_CONSTANT_CONVERSION = YES;
				CLANG_WARN_DEPRECATED_OBJC_IMPLEMENTATIONS = YES;
				CLANG_WARN_DIRECT_OBJC_ISA_USAGE = YES_ERROR;
				CLANG_WARN_DOCUMENTATION_COMMENTS = YES;
				CLANG_WARN_EMPTY_BODY = YES;
				CLANG_WARN_ENUM_CONVERSION = YES;
				CLANG_WARN_INFINITE_RECURSION = YES;
				CLANG_WARN_INT_CONVERSION = YES;
				CLANG_WARN_NON_LITERAL_NULL_CONVERSION = YES;
				CLANG_WARN_OBJC_IMPLICIT_RETAIN_SELF = YES;
				CLANG_WARN_OBJC_LITERAL_CONVERSION = YES;
				CLANG_WARN_OBJC_ROOT_CLASS = YES_ERROR;
				CLANG_WARN_QUOTED_INCLUDE_IN_FRAMEWORK_HEADER = YES;
				CLANG_WARN_RANGE_LOOP_ANALYSIS = YES;
				CLANG_WARN_STRICT_PROTOTYPES = YES;
				CLANG_WARN_SUSPICIOUS_MOVE = YES;
				CLANG_WARN_UNGUARDED_AVAILABILITY = YES_AGGRESSIVE;
				CLANG_WARN_UNREACHABLE_CODE = YES;
				CLANG_WARN__DUPLICATE_METHOD_MATCH = YES;
				COPY_PHASE_STRIP = NO;
				DEBUG_INFORMATION_FORMAT = "dwarf-with-dsym";
				ENABLE_NS_ASSERTIONS = NO;
				ENABLE_STRICT_OBJC_MSGSEND = YES;
				GCC_C_LANGUAGE_STANDARD = gnu11;
				GCC_NO_COMMON_BLOCKS = YES;
				GCC_WARN_64_TO_32_BIT_CONVERSION = YES;
				GCC_WARN_ABOUT_RETURN_TYPE = YES_ERROR;
				GCC_WARN_UNDECLARED_SELECTOR = YES;
				GCC_WARN_UNINITIALIZED_AUTOS = YES_AGGRESSIVE;
				GCC_WARN_UNUSED_FUNCTION = YES;
				GCC_WARN_UNUSED_VARIABLE = YES;
				IPHONEOS_DEPLOYMENT_TARGET = 14.5;
				MTL_ENABLE_DEBUG_INFO = NO;
				MTL_FAST_MATH = YES;
				SDKROOT = iphoneos;
				SWIFT_COMPILATION_MODE = wholemodule;
				SWIFT_OPTIMIZATION_LEVEL = "-O";
				VALIDATE_PRODUCT = YES;
			};
			name = Release;
		};
		BC6DD3022682853800C95111 /* Debug */ = {
			isa = XCBuildConfiguration;
			buildSettings = {
				ASSETCATALOG_COMPILER_APPICON_NAME = AppIcon;
				ASSETCATALOG_COMPILER_GLOBAL_ACCENT_COLOR_NAME = AccentColor;
				CODE_SIGN_STYLE = Automatic;
				DEVELOPMENT_TEAM = 676A84J3QT;
				INFOPLIST_FILE = Maniau/Info.plist;
				LD_RUNPATH_SEARCH_PATHS = (
					"$(inherited)",
					"@executable_path/Frameworks",
				);
				PRODUCT_BUNDLE_IDENTIFIER = com.RyanKanno.Maniau;
				PRODUCT_NAME = "$(TARGET_NAME)";
				SWIFT_VERSION = 5.0;
				TARGETED_DEVICE_FAMILY = "1,2";
			};
			name = Debug;
		};
		BC6DD3032682853800C95111 /* Release */ = {
			isa = XCBuildConfiguration;
			buildSettings = {
				ASSETCATALOG_COMPILER_APPICON_NAME = AppIcon;
				ASSETCATALOG_COMPILER_GLOBAL_ACCENT_COLOR_NAME = AccentColor;
				CODE_SIGN_STYLE = Automatic;
				DEVELOPMENT_TEAM = 676A84J3QT;
				INFOPLIST_FILE = Maniau/Info.plist;
				LD_RUNPATH_SEARCH_PATHS = (
					"$(inherited)",
					"@executable_path/Frameworks",
				);
				PRODUCT_BUNDLE_IDENTIFIER = com.RyanKanno.Maniau;
				PRODUCT_NAME = "$(TARGET_NAME)";
				SWIFT_VERSION = 5.0;
				TARGETED_DEVICE_FAMILY = "1,2";
			};
			name = Release;
		};
/* End XCBuildConfiguration section */

/* Begin XCConfigurationList section */
		BC6870F1269F32840033ECB4 /* Build configuration list for PBXNativeTarget "ManiauTests" */ = {
			isa = XCConfigurationList;
			buildConfigurations = (
				BC6870EF269F32840033ECB4 /* Debug */,
				BC6870F0269F32840033ECB4 /* Release */,
			);
			defaultConfigurationIsVisible = 0;
			defaultConfigurationName = Release;
		};
		BC6DD2E82682853500C95111 /* Build configuration list for PBXProject "Maniau" */ = {
			isa = XCConfigurationList;
			buildConfigurations = (
				BC6DD2FF2682853800C95111 /* Debug */,
				BC6DD3002682853800C95111 /* Release */,
			);
			defaultConfigurationIsVisible = 0;
			defaultConfigurationName = Release;
		};
		BC6DD3012682853800C95111 /* Build configuration list for PBXNativeTarget "Maniau" */ = {
			isa = XCConfigurationList;
			buildConfigurations = (
				BC6DD3022682853800C95111 /* Debug */,
				BC6DD3032682853800C95111 /* Release */,
			);
			defaultConfigurationIsVisible = 0;
			defaultConfigurationName = Release;
		};
/* End XCConfigurationList section */

/* Begin XCRemoteSwiftPackageReference section */
		BC33A9A026A09B1E00AEC70C /* XCRemoteSwiftPackageReference "firebase-ios-sdk" */ = {
			isa = XCRemoteSwiftPackageReference;
			repositoryURL = "https://github.com/firebase/firebase-ios-sdk.git";
			requirement = {
				kind = upToNextMajorVersion;
				minimumVersion = 8.3.1;
			};
		};
		BCD9587A2682D4F400B4A06C /* XCRemoteSwiftPackageReference "FSCalendar" */ = {
			isa = XCRemoteSwiftPackageReference;
			repositoryURL = "https://github.com/WenchaoD/FSCalendar.git";
			requirement = {
				kind = upToNextMajorVersion;
				minimumVersion = 2.8.2;
			};
		};
/* End XCRemoteSwiftPackageReference section */

/* Begin XCSwiftPackageProductDependency section */
		BC33A9A126A09B1E00AEC70C /* FirebaseAnalytics */ = {
			isa = XCSwiftPackageProductDependency;
			package = BC33A9A026A09B1E00AEC70C /* XCRemoteSwiftPackageReference "firebase-ios-sdk" */;
			productName = FirebaseAnalytics;
		};
		BC33A9A326A09B1E00AEC70C /* FirebaseMessaging */ = {
			isa = XCSwiftPackageProductDependency;
			package = BC33A9A026A09B1E00AEC70C /* XCRemoteSwiftPackageReference "firebase-ios-sdk" */;
			productName = FirebaseMessaging;
		};
		BC33A9A526A09B1E00AEC70C /* FirebaseAuth */ = {
			isa = XCSwiftPackageProductDependency;
			package = BC33A9A026A09B1E00AEC70C /* XCRemoteSwiftPackageReference "firebase-ios-sdk" */;
			productName = FirebaseAuth;
		};
		BC33A9A726A09B1E00AEC70C /* FirebaseFirestore */ = {
			isa = XCSwiftPackageProductDependency;
			package = BC33A9A026A09B1E00AEC70C /* XCRemoteSwiftPackageReference "firebase-ios-sdk" */;
			productName = FirebaseFirestore;
		};
		BCD9587B2682D4F400B4A06C /* FSCalendar */ = {
			isa = XCSwiftPackageProductDependency;
			package = BCD9587A2682D4F400B4A06C /* XCRemoteSwiftPackageReference "FSCalendar" */;
			productName = FSCalendar;
		};
/* End XCSwiftPackageProductDependency section */
	};
	rootObject = BC6DD2E52682853500C95111 /* Project object */;
}
